
Microsoft Visual Studio Solution File, Format Version 12.00
# Visual Studio Version 17
VisualStudioVersion = 17.5.33530.505
MinimumVisualStudioVersion = 10.0.40219.1
Project("{FAE04EC0-301F-11D3-BF4B-00C04F79EFBC}") = "Mökkihöperö", "Mökkihöperö.csproj", "{C95E613C-A455-40AC-9C5D-40077192D92C}"
EndProject
Global
	GlobalSection(SolutionConfigurationPlatforms) = preSolution
		Debug|Any CPU = Debug|Any CPU
		Release|Any CPU = Release|Any CPU
	EndGlobalSection
	GlobalSection(ProjectConfigurationPlatforms) = postSolution
		{C95E613C-A455-40AC-9C5D-40077192D92C}.Debug|Any CPU.ActiveCfg = Debug|Any CPU
		{C95E613C-A455-40AC-9C5D-40077192D92C}.Debug|Any CPU.Build.0 = Debug|Any CPU
		{C95E613C-A455-40AC-9C5D-40077192D92C}.Release|Any CPU.ActiveCfg = Release|Any CPU
		{C95E613C-A455-40AC-9C5D-40077192D92C}.Release|Any CPU.Build.0 = Release|Any CPU
	EndGlobalSection
	GlobalSection(SolutionProperties) = preSolution
		HideSolutionNode = FALSE
	EndGlobalSection
	GlobalSection(ExtensibilityGlobals) = postSolution
		SolutionGuid = {30332BD9-0E76-4B4F-835C-A6F17866A536}
	EndGlobalSection
EndGlobal
